// !$*UTF8*$!
{
	archiveVersion = 1;
	classes = {
	};
	objectVersion = 46;
	objects = {

/* Begin PBXBuildFile section */
		CA0A4B711D4B47EA00A8B462 /* main.m in Sources */ = {isa = PBXBuildFile; fileRef = CA0A4B701D4B47EA00A8B462 /* main.m */; };
		CA0A4B741D4B47EA00A8B462 /* AppDelegate.m in Sources */ = {isa = PBXBuildFile; fileRef = CA0A4B731D4B47EA00A8B462 /* AppDelegate.m */; };
		CA0A4B771D4B47EA00A8B462 /* ViewController.m in Sources */ = {isa = PBXBuildFile; fileRef = CA0A4B761D4B47EA00A8B462 /* ViewController.m */; };
		CA0A4B7A1D4B47EA00A8B462 /* Main.storyboard in Resources */ = {isa = PBXBuildFile; fileRef = CA0A4B781D4B47EA00A8B462 /* Main.storyboard */; };
		CA0A4B7C1D4B47EA00A8B462 /* Assets.xcassets in Resources */ = {isa = PBXBuildFile; fileRef = CA0A4B7B1D4B47EA00A8B462 /* Assets.xcassets */; };
		CA0A4B7F1D4B47EA00A8B462 /* LaunchScreen.storyboard in Resources */ = {isa = PBXBuildFile; fileRef = CA0A4B7D1D4B47EA00A8B462 /* LaunchScreen.storyboard */; };
		CA0A4B8A1D4B47EA00A8B462 /* ___timeTests.m in Sources */ = {isa = PBXBuildFile; fileRef = CA0A4B891D4B47EA00A8B462 /* ___timeTests.m */; };
		CA0A4B951D4B47EA00A8B462 /* ___timeUITests.m in Sources */ = {isa = PBXBuildFile; fileRef = CA0A4B941D4B47EA00A8B462 /* ___timeUITests.m */; };
/* End PBXBuildFile section */

/* Begin PBXContainerItemProxy section */
		CA0A4B861D4B47EA00A8B462 /* PBXContainerItemProxy */ = {
			isa = PBXContainerItemProxy;
			containerPortal = CA0A4B641D4B47EA00A8B462 /* Project object */;
			proxyType = 1;
			remoteGlobalIDString = CA0A4B6B1D4B47EA00A8B462;
			remoteInfo = "倒计时time";
		};
		CA0A4B911D4B47EA00A8B462 /* PBXContainerItemProxy */ = {
			isa = PBXContainerItemProxy;
			containerPortal = CA0A4B641D4B47EA00A8B462 /* Project object */;
			proxyType = 1;
			remoteGlobalIDString = CA0A4B6B1D4B47EA00A8B462;
			remoteInfo = "倒计时time";
		};
/* End PBXContainerItemProxy section */

/* Begin PBXFileReference section */
		CA0A4B6C1D4B47EA00A8B462 /* 倒计时time.app */ = {isa = PBXFileReference; explicitFileType = wrapper.application; includeInIndex = 0; path = "倒计时time.app"; sourceTree = BUILT_PRODUCTS_DIR; };
		CA0A4B701D4B47EA00A8B462 /* main.m */ = {isa = PBXFileReference; lastKnownFileType = sourcecode.c.objc; path = main.m; sourceTree = "<group>"; };
		CA0A4B721D4B47EA00A8B462 /* AppDelegate.h */ = {isa = PBXFileReference; lastKnownFileType = sourcecode.c.h; path = AppDelegate.h; sourceTree = "<group>"; };
		CA0A4B731D4B47EA00A8B462 /* AppDelegate.m */ = {isa = PBXFileReference; lastKnownFileType = sourcecode.c.objc; path = AppDelegate.m; sourceTree = "<group>"; };
		CA0A4B751D4B47EA00A8B462 /* ViewController.h */ = {isa = PBXFileReference; lastKnownFileType = sourcecode.c.h; path = ViewController.h; sourceTree = "<group>"; };
		CA0A4B761D4B47EA00A8B462 /* ViewController.m */ = {isa = PBXFileReference; lastKnownFileType = sourcecode.c.objc; path = ViewController.m; sourceTree = "<group>"; };
		CA0A4B791D4B47EA00A8B462 /* Base */ = {isa = PBXFileReference; lastKnownFileType = file.storyboard; name = Base; path = Base.lproj/Main.storyboard; sourceTree = "<group>"; };
		CA0A4B7B1D4B47EA00A8B462 /* Assets.xcassets */ = {isa = PBXFileReference; lastKnownFileType = folder.assetcatalog; path = Assets.xcassets; sourceTree = "<group>"; };
		CA0A4B7E1D4B47EA00A8B462 /* Base */ = {isa = PBXFileReference; lastKnownFileType = file.storyboard; name = Base; path = Base.lproj/LaunchScreen.storyboard; sourceTree = "<group>"; };
		CA0A4B801D4B47EA00A8B462 /* Info.plist */ = {isa = PBXFileReference; lastKnownFileType = text.plist.xml; path = Info.plist; sourceTree = "<group>"; };
		CA0A4B851D4B47EA00A8B462 /* 倒计时timeTests.xctest */ = {isa = PBXFileReference; explicitFileType = wrapper.cfbundle; includeInIndex = 0; path = "倒计时timeTests.xctest"; sourceTree = BUILT_PRODUCTS_DIR; };
		CA0A4B891D4B47EA00A8B462 /* ___timeTests.m */ = {isa = PBXFileReference; lastKnownFileType = sourcecode.c.objc; path = "___timeTests.m"; sourceTree = "<group>"; };
		CA0A4B8B1D4B47EA00A8B462 /* Info.plist */ = {isa = PBXFileReference; lastKnownFileType = text.plist.xml; path = Info.plist; sourceTree = "<group>"; };
		CA0A4B901D4B47EA00A8B462 /* 倒计时timeUITests.xctest */ = {isa = PBXFileReference; explicitFileType = wrapper.cfbundle; includeInIndex = 0; path = "倒计时timeUITests.xctest"; sourceTree = BUILT_PRODUCTS_DIR; };
		CA0A4B941D4B47EA00A8B462 /* ___timeUITests.m */ = {isa = PBXFileReference; lastKnownFileType = sourcecode.c.objc; path = "___timeUITests.m"; sourceTree = "<group>"; };
		CA0A4B961D4B47EA00A8B462 /* Info.plist */ = {isa = PBXFileReference; lastKnownFileType = text.plist.xml; path = Info.plist; sourceTree = "<group>"; };
/* End PBXFileReference section */

/* Begin PBXFrameworksBuildPhase section */
		CA0A4B691D4B47EA00A8B462 /* Frameworks */ = {
			isa = PBXFrameworksBuildPhase;
			buildActionMask = 2147483647;
			files = (
			);
			runOnlyForDeploymentPostprocessing = 0;
		};
		CA0A4B821D4B47EA00A8B462 /* Frameworks */ = {
			isa = PBXFrameworksBuildPhase;
			buildActionMask = 2147483647;
			files = (
			);
			runOnlyForDeploymentPostprocessing = 0;
		};
		CA0A4B8D1D4B47EA00A8B462 /* Frameworks */ = {
			isa = PBXFrameworksBuildPhase;
			buildActionMask = 2147483647;
			files = (
			);
			runOnlyForDeploymentPostprocessing = 0;
		};
/* End PBXFrameworksBuildPhase section */

/* Begin PBXGroup section */
		CA0A4B631D4B47EA00A8B462 = {
			isa = PBXGroup;
			children = (
				CA0A4B6E1D4B47EA00A8B462 /* 倒计时time */,
				CA0A4B881D4B47EA00A8B462 /* 倒计时timeTests */,
				CA0A4B931D4B47EA00A8B462 /* 倒计时timeUITests */,
				CA0A4B6D1D4B47EA00A8B462 /* Products */,
			);
			sourceTree = "<group>";
		};
		CA0A4B6D1D4B47EA00A8B462 /* Products */ = {
			isa = PBXGroup;
			children = (
				CA0A4B6C1D4B47EA00A8B462 /* 倒计时time.app */,
				CA0A4B851D4B47EA00A8B462 /* 倒计时timeTests.xctest */,
				CA0A4B901D4B47EA00A8B462 /* 倒计时timeUITests.xctest */,
			);
			name = Products;
			sourceTree = "<group>";
		};
		CA0A4B6E1D4B47EA00A8B462 /* 倒计时time */ = {
			isa = PBXGroup;
			children = (
				CA0A4B721D4B47EA00A8B462 /* AppDelegate.h */,
				CA0A4B731D4B47EA00A8B462 /* AppDelegate.m */,
				CA0A4B751D4B47EA00A8B462 /* ViewController.h */,
				CA0A4B761D4B47EA00A8B462 /* ViewController.m */,
				CA0A4B781D4B47EA00A8B462 /* Main.storyboard */,
				CA0A4B7B1D4B47EA00A8B462 /* Assets.xcassets */,
				CA0A4B7D1D4B47EA00A8B462 /* LaunchScreen.storyboard */,
				CA0A4B801D4B47EA00A8B462 /* Info.plist */,
				CA0A4B6F1D4B47EA00A8B462 /* Supporting Files */,
			);
			path = "倒计时time";
			sourceTree = "<group>";
		};
		CA0A4B6F1D4B47EA00A8B462 /* Supporting Files */ = {
			isa = PBXGroup;
			children = (
				CA0A4B701D4B47EA00A8B462 /* main.m */,
			);
			name = "Supporting Files";
			sourceTree = "<group>";
		};
		CA0A4B881D4B47EA00A8B462 /* 倒计时timeTests */ = {
			isa = PBXGroup;
			children = (
				CA0A4B891D4B47EA00A8B462 /* ___timeTests.m */,
				CA0A4B8B1D4B47EA00A8B462 /* Info.plist */,
			);
			path = "倒计时timeTests";
			sourceTree = "<group>";
		};
		CA0A4B931D4B47EA00A8B462 /* 倒计时timeUITests */ = {
			isa = PBXGroup;
			children = (
				CA0A4B941D4B47EA00A8B462 /* ___timeUITests.m */,
				CA0A4B961D4B47EA00A8B462 /* Info.plist */,
			);
			path = "倒计时timeUITests";
			sourceTree = "<group>";
		};
/* End PBXGroup section */

/* Begin PBXNativeTarget section */
		CA0A4B6B1D4B47EA00A8B462 /* 倒计时time */ = {
			isa = PBXNativeTarget;
			buildConfigurationList = CA0A4B991D4B47EA00A8B462 /* Build configuration list for PBXNativeTarget "倒计时time" */;
			buildPhases = (
				CA0A4B681D4B47EA00A8B462 /* Sources */,
				CA0A4B691D4B47EA00A8B462 /* Frameworks */,
				CA0A4B6A1D4B47EA00A8B462 /* Resources */,
			);
			buildRules = (
			);
			dependencies = (
			);
			name = "倒计时time";
			productName = "倒计时time";
			productReference = CA0A4B6C1D4B47EA00A8B462 /* 倒计时time.app */;
			productType = "com.apple.product-type.application";
		};
		CA0A4B841D4B47EA00A8B462 /* 倒计时timeTests */ = {
			isa = PBXNativeTarget;
			buildConfigurationList = CA0A4B9C1D4B47EA00A8B462 /* Build configuration list for PBXNativeTarget "倒计时timeTests" */;
			buildPhases = (
				CA0A4B811D4B47EA00A8B462 /* Sources */,
				CA0A4B821D4B47EA00A8B462 /* Frameworks */,
				CA0A4B831D4B47EA00A8B462 /* Resources */,
			);
			buildRules = (
			);
			dependencies = (
				CA0A4B871D4B47EA00A8B462 /* PBXTargetDependency */,
			);
			name = "倒计时timeTests";
			productName = "倒计时timeTests";
			productReference = CA0A4B851D4B47EA00A8B462 /* 倒计时timeTests.xctest */;
			productType = "com.apple.product-type.bundle.unit-test";
		};
		CA0A4B8F1D4B47EA00A8B462 /* 倒计时timeUITests */ = {
			isa = PBXNativeTarget;
			buildConfigurationList = CA0A4B9F1D4B47EA00A8B462 /* Build configuration list for PBXNativeTarget "倒计时timeUITests" */;
			buildPhases = (
				CA0A4B8C1D4B47EA00A8B462 /* Sources */,
				CA0A4B8D1D4B47EA00A8B462 /* Frameworks */,
				CA0A4B8E1D4B47EA00A8B462 /* Resources */,
			);
			buildRules = (
			);
			dependencies = (
				CA0A4B921D4B47EA00A8B462 /* PBXTargetDependency */,
			);
			name = "倒计时timeUITests";
			productName = "倒计时timeUITests";
			productReference = CA0A4B901D4B47EA00A8B462 /* 倒计时timeUITests.xctest */;
			productType = "com.apple.product-type.bundle.ui-testing";
		};
/* End PBXNativeTarget section */

/* Begin PBXProject section */
		CA0A4B641D4B47EA00A8B462 /* Project object */ = {
			isa = PBXProject;
			attributes = {
				LastUpgradeCheck = 0730;
				ORGANIZATIONNAME = mr.liu;
				TargetAttributes = {
					CA0A4B6B1D4B47EA00A8B462 = {
						CreatedOnToolsVersion = 7.3;
					};
					CA0A4B841D4B47EA00A8B462 = {
						CreatedOnToolsVersion = 7.3;
						TestTargetID = CA0A4B6B1D4B47EA00A8B462;
					};
					CA0A4B8F1D4B47EA00A8B462 = {
						CreatedOnToolsVersion = 7.3;
						TestTargetID = CA0A4B6B1D4B47EA00A8B462;
					};
				};
			};
			buildConfigurationList = CA0A4B671D4B47EA00A8B462 /* Build configuration list for PBXProject "倒计时time" */;
			compatibilityVersion = "Xcode 3.2";
			developmentRegion = English;
			hasScannedForEncodings = 0;
			knownRegions = (
				en,
				Base,
			);
			mainGroup = CA0A4B631D4B47EA00A8B462;
			productRefGroup = CA0A4B6D1D4B47EA00A8B462 /* Products */;
			projectDirPath = "";
			projectRoot = "";
			targets = (
				CA0A4B6B1D4B47EA00A8B462 /* 倒计时time */,
				CA0A4B841D4B47EA00A8B462 /* 倒计时timeTests */,
				CA0A4B8F1D4B47EA00A8B462 /* 倒计时timeUITests */,
			);
		};
/* End PBXProject section */

/* Begin PBXResourcesBuildPhase section */
		CA0A4B6A1D4B47EA00A8B462 /* Resources */ = {
			isa = PBXResourcesBuildPhase;
			buildActionMask = 2147483647;
			files = (
				CA0A4B7F1D4B47EA00A8B462 /* LaunchScreen.storyboard in Resources */,
				CA0A4B7C1D4B47EA00A8B462 /* Assets.xcassets in Resources */,
				CA0A4B7A1D4B47EA00A8B462 /* Main.storyboard in Resources */,
			);
			runOnlyForDeploymentPostprocessing = 0;
		};
		CA0A4B831D4B47EA00A8B462 /* Resources */ = {
			isa = PBXResourcesBuildPhase;
			buildActionMask = 2147483647;
			files = (
			);
			runOnlyForDeploymentPostprocessing = 0;
		};
		CA0A4B8E1D4B47EA00A8B462 /* Resources */ = {
			isa = PBXResourcesBuildPhase;
			buildActionMask = 2147483647;
			files = (
			);
			runOnlyForDeploymentPostprocessing = 0;
		};
/* End PBXResourcesBuildPhase section */

/* Begin PBXSourcesBuildPhase section */
		CA0A4B681D4B47EA00A8B462 /* Sources */ = {
			isa = PBXSourcesBuildPhase;
			buildActionMask = 2147483647;
			files = (
				CA0A4B771D4B47EA00A8B462 /* ViewController.m in Sources */,
				CA0A4B741D4B47EA00A8B462 /* AppDelegate.m in Sources */,
				CA0A4B711D4B47EA00A8B462 /* main.m in Sources */,
			);
			runOnlyForDeploymentPostprocessing = 0;
		};
		CA0A4B811D4B47EA00A8B462 /* Sources */ = {
			isa = PBXSourcesBuildPhase;
			buildActionMask = 2147483647;
			files = (
				CA0A4B8A1D4B47EA00A8B462 /* ___timeTests.m in Sources */,
			);
			runOnlyForDeploymentPostprocessing = 0;
		};
		CA0A4B8C1D4B47EA00A8B462 /* Sources */ = {
			isa = PBXSourcesBuildPhase;
			buildActionMask = 2147483647;
			files = (
				CA0A4B951D4B47EA00A8B462 /* ___timeUITests.m in Sources */,
			);
			runOnlyForDeploymentPostprocessing = 0;
		};
/* End PBXSourcesBuildPhase section */

/* Begin PBXTargetDependency section */
		CA0A4B871D4B47EA00A8B462 /* PBXTargetDependency */ = {
			isa = PBXTargetDependency;
			target = CA0A4B6B1D4B47EA00A8B462 /* 倒计时time */;
			targetProxy = CA0A4B861D4B47EA00A8B462 /* PBXContainerItemProxy */;
		};
		CA0A4B921D4B47EA00A8B462 /* PBXTargetDependency */ = {
			isa = PBXTargetDependency;
			target = CA0A4B6B1D4B47EA00A8B462 /* 倒计时time */;
			targetProxy = CA0A4B911D4B47EA00A8B462 /* PBXContainerItemProxy */;
		};
/* End PBXTargetDependency section */

/* Begin PBXVariantGroup section */
		CA0A4B781D4B47EA00A8B462 /* Main.storyboard */ = {
			isa = PBXVariantGroup;
			children = (
				CA0A4B791D4B47EA00A8B462 /* Base */,
			);
			name = Main.storyboard;
			sourceTree = "<group>";
		};
		CA0A4B7D1D4B47EA00A8B462 /* LaunchScreen.storyboard */ = {
			isa = PBXVariantGroup;
			children = (
				CA0A4B7E1D4B47EA00A8B462 /* Base */,
			);
			name = LaunchScreen.storyboard;
			sourceTree = "<group>";
		};
/* End PBXVariantGroup section */

/* Begin XCBuildConfiguration section */
		CA0A4B971D4B47EA00A8B462 /* Debug */ = {
			isa = XCBuildConfiguration;
			buildSettings = {
				ALWAYS_SEARCH_USER_PATHS = NO;
				CLANG_ANALYZER_NONNULL = YES;
				CLANG_CXX_LANGUAGE_STANDARD = "gnu++0x";
				CLANG_CXX_LIBRARY = "libc++";
				CLANG_ENABLE_MODULES = YES;
				CLANG_ENABLE_OBJC_ARC = YES;
				CLANG_WARN_BOOL_CONVERSION = YES;
				CLANG_WARN_CONSTANT_CONVERSION = YES;
				CLANG_WARN_DIRECT_OBJC_ISA_USAGE = YES_ERROR;
				CLANG_WARN_EMPTY_BODY = YES;
				CLANG_WARN_ENUM_CONVERSION = YES;
				CLANG_WARN_INT_CONVERSION = YES;
				CLANG_WARN_OBJC_ROOT_CLASS = YES_ERROR;
				CLANG_WARN_UNREACHABLE_CODE = YES;
				CLANG_WARN__DUPLICATE_METHOD_MATCH = YES;
				"CODE_SIGN_IDENTITY[sdk=iphoneos*]" = "iPhone Developer";
				COPY_PHASE_STRIP = NO;
				DEBUG_INFORMATION_FORMAT = dwarf;
				ENABLE_STRICT_OBJC_MSGSEND = YES;
				ENABLE_TESTABILITY = YES;
				GCC_C_LANGUAGE_STANDARD = gnu99;
				GCC_DYNAMIC_NO_PIC = NO;
				GCC_NO_COMMON_BLOCKS = YES;
				GCC_OPTIMIZATION_LEVEL = 0;
				GCC_PREPROCESSOR_DEFINITIONS = (
					"DEBUG=1",
					"$(inherited)",
				);
				GCC_WARN_64_TO_32_BIT_CONVERSION = YES;
				GCC_WARN_ABOUT_RETURN_TYPE = YES_ERROR;
				GCC_WARN_UNDECLARED_SELECTOR = YES;
				GCC_WARN_UNINITIALIZED_AUTOS = YES_AGGRESSIVE;
				GCC_WARN_UNUSED_FUNCTION = YES;
				GCC_WARN_UNUSED_VARIABLE = YES;
				IPHONEOS_DEPLOYMENT_TARGET = 9.3;
				MTL_ENABLE_DEBUG_INFO = YES;
				ONLY_ACTIVE_ARCH = YES;
				SDKROOT = iphoneos;
			};
			name = Debug;
		};
		CA0A4B981D4B47EA00A8B462 /* Release */ = {
			isa = XCBuildConfiguration;
			buildSettings = {
				ALWAYS_SEARCH_USER_PATHS = NO;
				CLANG_ANALYZER_NONNULL = YES;
				CLANG_CXX_LANGUAGE_STANDARD = "gnu++0x";
				CLANG_CXX_LIBRARY = "libc++";
				CLANG_ENABLE_MODULES = YES;
				CLANG_ENABLE_OBJC_ARC = YES;
				CLANG_WARN_BOOL_CONVERSION = YES;
				CLANG_WARN_CONSTANT_CONVERSION = YES;
				CLANG_WARN_DIRECT_OBJC_ISA_USAGE = YES_ERROR;
				CLANG_WARN_EMPTY_BODY = YES;
				CLANG_WARN_ENUM_CONVERSION = YES;
				CLANG_WARN_INT_CONVERSION = YES;
				CLANG_WARN_OBJC_ROOT_CLASS = YES_ERROR;
				CLANG_WARN_UNREACHABLE_CODE = YES;
				CLANG_WARN__DUPLICATE_METHOD_MATCH = YES;
				"CODE_SIGN_IDENTITY[sdk=iphoneos*]" = "iPhone Developer";
				COPY_PHASE_STRIP = NO;
				DEBUG_INFORMATION_FORMAT = "dwarf-with-dsym";
				ENABLE_NS_ASSERTIONS = NO;
				ENABLE_STRICT_OBJC_MSGSEND = YES;
				GCC_C_LANGUAGE_STANDARD = gnu99;
				GCC_NO_COMMON_BLOCKS = YES;
				GCC_WARN_64_TO_32_BIT_CONVERSION = YES;
				GCC_WARN_ABOUT_RETURN_TYPE = YES_ERROR;
				GCC_WARN_UNDECLARED_SELECTOR = YES;
				GCC_WARN_UNINITIALIZED_AUTOS = YES_AGGRESSIVE;
				GCC_WARN_UNUSED_FUNCTION = YES;
				GCC_WARN_UNUSED_VARIABLE = YES;
				IPHONEOS_DEPLOYMENT_TARGET = 9.3;
				MTL_ENABLE_DEBUG_INFO = NO;
				SDKROOT = iphoneos;
				VALIDATE_PRODUCT = YES;
			};
			name = Release;
		};
		CA0A4B9A1D4B47EA00A8B462 /* Debug */ = {
			isa = XCBuildConfiguration;
			buildSettings = {
				ASSETCATALOG_COMPILER_APPICON_NAME = AppIcon;
				INFOPLIST_FILE = "倒计时time/Info.plist";
				LD_RUNPATH_SEARCH_PATHS = "$(inherited) @executable_path/Frameworks";
				PRODUCT_BUNDLE_IDENTIFIER = "com.theway.---time";
				PRODUCT_NAME = "$(TARGET_NAME)";
			};
			name = Debug;
		};
		CA0A4B9B1D4B47EA00A8B462 /* Release */ = {
			isa = XCBuildConfiguration;
			buildSettings = {
				ASSETCATALOG_COMPILER_APPICON_NAME = AppIcon;
				INFOPLIST_FILE = "倒计时time/Info.plist";
				LD_RUNPATH_SEARCH_PATHS = "$(inherited) @executable_path/Frameworks";
				PRODUCT_BUNDLE_IDENTIFIER = "com.theway.---time";
				PRODUCT_NAME = "$(TARGET_NAME)";
			};
			name = Release;
		};
		CA0A4B9D1D4B47EA00A8B462 /* Debug */ = {
			isa = XCBuildConfiguration;
			buildSettings = {
				BUNDLE_LOADER = "$(TEST_HOST)";
				INFOPLIST_FILE = "倒计时timeTests/Info.plist";
				LD_RUNPATH_SEARCH_PATHS = "$(inherited) @executable_path/Frameworks @loader_path/Frameworks";
				PRODUCT_BUNDLE_IDENTIFIER = "com.theway.---timeTests";
				PRODUCT_NAME = "$(TARGET_NAME)";
				TEST_HOST = "$(BUILT_PRODUCTS_DIR)/倒计时time.app/倒计时time";
			};
			name = Debug;
		};
		CA0A4B9E1D4B47EA00A8B462 /* Release */ = {
			isa = XCBuildConfiguration;
			buildSettings = {
				BUNDLE_LOADER = "$(TEST_HOST)";
				INFOPLIST_FILE = "倒计时timeTests/Info.plist";
				LD_RUNPATH_SEARCH_PATHS = "$(inherited) @executable_path/Frameworks @loader_path/Frameworks";
				PRODUCT_BUNDLE_IDENTIFIER = "com.theway.---timeTests";
				PRODUCT_NAME = "$(TARGET_NAME)";
				TEST_HOST = "$(BUILT_PRODUCTS_DIR)/倒计时time.app/倒计时time";
			};
			name = Release;
		};
		CA0A4BA01D4B47EA00A8B462 /* Debug */ = {
			isa = XCBuildConfiguration;
			buildSettings = {
				INFOPLIST_FILE = "倒计时timeUITests/Info.plist";
				LD_RUNPATH_SEARCH_PATHS = "$(inherited) @executable_path/Frameworks @loader_path/Frameworks";
				PRODUCT_BUNDLE_IDENTIFIER = "com.theway.---timeUITests";
				PRODUCT_NAME = "$(TARGET_NAME)";
				TEST_TARGET_NAME = "倒计时time";
			};
			name = Debug;
		};
		CA0A4BA11D4B47EA00A8B462 /* Release */ = {
			isa = XCBuildConfiguration;
			buildSettings = {
				INFOPLIST_FILE = "倒计时timeUITests/Info.plist";
				LD_RUNPATH_SEARCH_PATHS = "$(inherited) @executable_path/Frameworks @loader_path/Frameworks";
				PRODUCT_BUNDLE_IDENTIFIER = "com.theway.---timeUITests";
				PRODUCT_NAME = "$(TARGET_NAME)";
				TEST_TARGET_NAME = "倒计时time";
			};
			name = Release;
		};
/* End XCBuildConfiguration section */

/* Begin XCConfigurationList section */
		CA0A4B671D4B47EA00A8B462 /* Build configuration list for PBXProject "倒计时time" */ = {
			isa = XCConfigurationList;
			buildConfigurations = (
				CA0A4B971D4B47EA00A8B462 /* Debug */,
				CA0A4B981D4B47EA00A8B462 /* Release */,
			);
			defaultConfigurationIsVisible = 0;
			defaultConfigurationName = Release;
		};
		CA0A4B991D4B47EA00A8B462 /* Build configuration list for PBXNativeTarget "倒计时time" */ = {
			isa = XCConfigurationList;
			buildConfigurations = (
				CA0A4B9A1D4B47EA00A8B462 /* Debug */,
				CA0A4B9B1D4B47EA00A8B462 /* Release */,
			);
			defaultConfigurationIsVisible = 0;
		};
		CA0A4B9C1D4B47EA00A8B462 /* Build configuration list for PBXNativeTarget "倒计时timeTests" */ = {
			isa = XCConfigurationList;
			buildConfigurations = (
				CA0A4B9D1D4B47EA00A8B462 /* Debug */,
				CA0A4B9E1D4B47EA00A8B462 /* Release */,
			);
			defaultConfigurationIsVisible = 0;
		};
		CA0A4B9F1D4B47EA00A8B462 /* Build configuration list for PBXNativeTarget "倒计时timeUITests" */ = {
			isa = XCConfigurationList;
			buildConfigurations = (
				CA0A4BA01D4B47EA00A8B462 /* Debug */,
				CA0A4BA11D4B47EA00A8B462 /* Release */,
			);
			defaultConfigurationIsVisible = 0;
		};
/* End XCConfigurationList section */
	};
	rootObject = CA0A4B641D4B47EA00A8B462 /* Project object */;
}
